
Microsoft Visual Studio Solution File, Format Version 12.00
# Visual Studio Version 16
VisualStudioVersion = 16.0.809.3
MinimumVisualStudioVersion = 10.0.40219.1
Project("{FAE04EC0-301F-11D3-BF4B-00C04F79EFBC}") = "ElephantsProject", "ElephantsProject\ElephantsProject.csproj", "{34745B3E-B2F9-4E3C-AF45-C48F908C1AFF}"
EndProject
Project("{FAE04EC0-301F-11D3-BF4B-00C04F79EFBC}") = "ElephantsProjectTests", "ElephantsProjectTests\ElephantsProjectTests.csproj", "{F6C20C90-A1B0-4E0D-B774-D71559336C43}"
EndProject
Global
	GlobalSection(SolutionConfigurationPlatforms) = preSolution
		Debug|Any CPU = Debug|Any CPU
		Release|Any CPU = Release|Any CPU
	EndGlobalSection
	GlobalSection(ProjectConfigurationPlatforms) = postSolution
		{34745B3E-B2F9-4E3C-AF45-C48F908C1AFF}.Debug|Any CPU.ActiveCfg = Debug|Any CPU
		{34745B3E-B2F9-4E3C-AF45-C48F908C1AFF}.Debug|Any CPU.Build.0 = Debug|Any CPU
		{34745B3E-B2F9-4E3C-AF45-C48F908C1AFF}.Release|Any CPU.ActiveCfg = Release|Any CPU
		{34745B3E-B2F9-4E3C-AF45-C48F908C1AFF}.Release|Any CPU.Build.0 = Release|Any CPU
		{F6C20C90-A1B0-4E0D-B774-D71559336C43}.Debug|Any CPU.ActiveCfg = Debug|Any CPU
		{F6C20C90-A1B0-4E0D-B774-D71559336C43}.Debug|Any CPU.Build.0 = Debug|Any CPU
		{F6C20C90-A1B0-4E0D-B774-D71559336C43}.Release|Any CPU.ActiveCfg = Release|Any CPU
		{F6C20C90-A1B0-4E0D-B774-D71559336C43}.Release|Any CPU.Build.0 = Release|Any CPU
	EndGlobalSection
	GlobalSection(SolutionProperties) = preSolution
		HideSolutionNode = FALSE
	EndGlobalSection
	GlobalSection(ExtensibilityGlobals) = postSolution
		SolutionGuid = {67CCCF64-29BD-4285-83E1-000C1D96739F}
	EndGlobalSection
EndGlobal
